PODS:
  - AFNetworking (1.3.3)
  - Appirater (1.0.5)
  - CKRefreshControl (1.1.1)
  - DAKeyboardControl (2.2.0)
  - FlurrySDK (4.2.4)
  - IOSQueryable (0.0.1)
  - Kiwi (2.2.2):
    - Kiwi/SenTestingKit
  - Kiwi/ARC (2.2.2)
  - Kiwi/NonARC (2.2.2)
  - Kiwi/SenTestingKit (2.2.2):
    - Kiwi/ARC
    - Kiwi/NonARC
  - MagicalRecord (2.2):
    - MagicalRecord/Core
  - MagicalRecord/Core (2.2)
  - MBProgressHUD (0.8)
  - NSHash (1.0.1)
  - PBEmojiLabel (1.0)
  - PBLog (0.1)
  - Reachability (3.0.0)
  - SVSegmentedControl (0.2)

DEPENDENCIES:
  - AFNetworking (~> 1.3.0)
  - Appirater (~> 1.0.3)
  - CKRefreshControl (~> 1.1.0)
  - DAKeyboardControl (~> 2.2.0)
  - FlurrySDK (~> 4.2.1)
  - IOSQueryable (~> 0.0.1)
  - Kiwi
  - MagicalRecord (~> 2.1)
  - MBProgressHUD (~> 0.6)
  - NSHash (~> 1.0.1)
  - PBEmojiLabel (~> 1.0)
  - PBLog (~> 0.1)
  - Reachability (~> 3.0.0)
  - SVSegmentedControl (~> 0.2)

SPEC CHECKSUMS:
  AFNetworking: 5f5b2a731d6fc2082b8abc63d40fcaed5482c42f
  Appirater: 8b42af58fc213279bc9d573e71d765ed43251e8e
  CKRefreshControl: 1bc5261fde6784f56b0e98e36e13d21f6ff37643
  DAKeyboardControl: 723b8854d230f6d0c07d4a52a7f1683f422db9f5
  FlurrySDK: f7f7a0c8cefddc8df0233a283b15db0c56970668
  IOSQueryable: 092c787c9ab20891c8e3fb7101d33a99160ddc6b
  Kiwi: 513ec6b10d7545b0cbeeb89f4f3adffe8e5520be
  MagicalRecord: 2b471584fc9e3137f3d0a56967917baa4979e224
  MBProgressHUD: c356980b0cd097f19acec959b49dca5eb8ec31be
  NSHash: 757e3ba784954b730eae472f3f4e12eb79a18d82
  PBEmojiLabel: 6f4a26399826f402e1aae55d6e353626b0f7ac1c
  PBLog: d9c47f74a97e110e8ed62a07a5be49562e8f4619
  Reachability: d369b8d7d33730a4bb71d0f601e287da9867c9dd
  SVSegmentedControl: 755a9721054734a77841147de3cc8babf09ba7f1

COCOAPODS: 0.34.2
