// !$*UTF8*$!
{
	archiveVersion = 1;
	classes = {
	};
	objectVersion = 46;
	objects = {

/* Begin PBXBuildFile section */
		9710B5A9167E2C4500F26DE2 /* UIKit.framework in Frameworks */ = {isa = PBXBuildFile; fileRef = 9710B5A8167E2C4500F26DE2 /* UIKit.framework */; };
		9710B5AB167E2C4500F26DE2 /* Foundation.framework in Frameworks */ = {isa = PBXBuildFile; fileRef = 9710B5AA167E2C4500F26DE2 /* Foundation.framework */; };
		9710B5AD167E2C4500F26DE2 /* CoreGraphics.framework in Frameworks */ = {isa = PBXBuildFile; fileRef = 9710B5AC167E2C4500F26DE2 /* CoreGraphics.framework */; };
		9710B5B3167E2C4500F26DE2 /* InfoPlist.strings in Resources */ = {isa = PBXBuildFile; fileRef = 9710B5B1167E2C4500F26DE2 /* InfoPlist.strings */; };
		9710B5B5167E2C4500F26DE2 /* main.m in Sources */ = {isa = PBXBuildFile; fileRef = 9710B5B4167E2C4500F26DE2 /* main.m */; };
		9710B5B9167E2C4500F26DE2 /* NBNAppDelegate.m in Sources */ = {isa = PBXBuildFile; fileRef = 9710B5B8167E2C4500F26DE2 /* NBNAppDelegate.m */; };
		9710B5BB167E2C4500F26DE2 /* Default.png in Resources */ = {isa = PBXBuildFile; fileRef = 9710B5BA167E2C4500F26DE2 /* Default.png */; };
		9710B5BD167E2C4500F26DE2 /* Default@2x.png in Resources */ = {isa = PBXBuildFile; fileRef = 9710B5BC167E2C4500F26DE2 /* Default@2x.png */; };
		9710B5BF167E2C4500F26DE2 /* Default-568h@2x.png in Resources */ = {isa = PBXBuildFile; fileRef = 9710B5BE167E2C4500F26DE2 /* Default-568h@2x.png */; };
		9710B5C7167E2C4600F26DE2 /* SenTestingKit.framework in Frameworks */ = {isa = PBXBuildFile; fileRef = 9710B5C6167E2C4600F26DE2 /* SenTestingKit.framework */; };
		9710B5C8167E2C4600F26DE2 /* UIKit.framework in Frameworks */ = {isa = PBXBuildFile; fileRef = 9710B5A8167E2C4500F26DE2 /* UIKit.framework */; };
		9710B5C9167E2C4600F26DE2 /* Foundation.framework in Frameworks */ = {isa = PBXBuildFile; fileRef = 9710B5AA167E2C4500F26DE2 /* Foundation.framework */; };
		9710B5D1167E2C4600F26DE2 /* InfoPlist.strings in Resources */ = {isa = PBXBuildFile; fileRef = 9710B5CF167E2C4600F26DE2 /* InfoPlist.strings */; };
		9710B5D4167E2C4600F26DE2 /* GitLabIssuesTests.m in Sources */ = {isa = PBXBuildFile; fileRef = 9710B5D3167E2C4600F26DE2 /* GitLabIssuesTests.m */; };
		9710B5F2167E2CAB00F26DE2 /* ASIAuthenticationDialog.m in Sources */ = {isa = PBXBuildFile; fileRef = 9710B5DF167E2CAB00F26DE2 /* ASIAuthenticationDialog.m */; };
		9710B5F3167E2CAB00F26DE2 /* ASIDataCompressor.m in Sources */ = {isa = PBXBuildFile; fileRef = 9710B5E2167E2CAB00F26DE2 /* ASIDataCompressor.m */; };
		9710B5F4167E2CAB00F26DE2 /* ASIDataDecompressor.m in Sources */ = {isa = PBXBuildFile; fileRef = 9710B5E4167E2CAB00F26DE2 /* ASIDataDecompressor.m */; };
		9710B5F5167E2CAB00F26DE2 /* ASIDownloadCache.m in Sources */ = {isa = PBXBuildFile; fileRef = 9710B5E6167E2CAB00F26DE2 /* ASIDownloadCache.m */; };
		9710B5F6167E2CAB00F26DE2 /* ASIFormDataRequest.m in Sources */ = {isa = PBXBuildFile; fileRef = 9710B5E8167E2CAB00F26DE2 /* ASIFormDataRequest.m */; };
		9710B5F7167E2CAB00F26DE2 /* ASIHTTPRequest.m in Sources */ = {isa = PBXBuildFile; fileRef = 9710B5EA167E2CAB00F26DE2 /* ASIHTTPRequest.m */; };
		9710B5F8167E2CAB00F26DE2 /* ASIInputStream.m in Sources */ = {isa = PBXBuildFile; fileRef = 9710B5EE167E2CAB00F26DE2 /* ASIInputStream.m */; };
		9710B5F9167E2CAB00F26DE2 /* ASINetworkQueue.m in Sources */ = {isa = PBXBuildFile; fileRef = 9710B5F0167E2CAB00F26DE2 /* ASINetworkQueue.m */; };
		9710B5FD167E2CB700F26DE2 /* Reachability.m in Sources */ = {isa = PBXBuildFile; fileRef = 9710B5FC167E2CB700F26DE2 /* Reachability.m */; };
		9710B5FF167E2CD100F26DE2 /* SystemConfiguration.framework in Frameworks */ = {isa = PBXBuildFile; fileRef = 9710B5FE167E2CD100F26DE2 /* SystemConfiguration.framework */; };
		9710B601167E2CD800F26DE2 /* MobileCoreServices.framework in Frameworks */ = {isa = PBXBuildFile; fileRef = 9710B600167E2CD800F26DE2 /* MobileCoreServices.framework */; };
		9710B603167E2CE400F26DE2 /* libz.dylib in Frameworks */ = {isa = PBXBuildFile; fileRef = 9710B602167E2CE400F26DE2 /* libz.dylib */; };
		9710B605167E2CF800F26DE2 /* CFNetwork.framework in Frameworks */ = {isa = PBXBuildFile; fileRef = 9710B604167E2CF800F26DE2 /* CFNetwork.framework */; };
		9710B60B167E2DAF00F26DE2 /* PBFileLogger.m in Sources */ = {isa = PBXBuildFile; fileRef = 9710B608167E2DAF00F26DE2 /* PBFileLogger.m */; };
		9710B60C167E2DAF00F26DE2 /* PBLog.m in Sources */ = {isa = PBXBuildFile; fileRef = 9710B60A167E2DAF00F26DE2 /* PBLog.m */; };
		9710B610167E30F000F26DE2 /* NBNHomeScreenViewController.m in Sources */ = {isa = PBXBuildFile; fileRef = 9710B60F167E30F000F26DE2 /* NBNHomeScreenViewController.m */; };
		9710B614167E345B00F26DE2 /* GitLab.xcdatamodeld in Sources */ = {isa = PBXBuildFile; fileRef = 9710B612167E345B00F26DE2 /* GitLab.xcdatamodeld */; };
		9710B617167E34B300F26DE2 /* Milestone.m in Sources */ = {isa = PBXBuildFile; fileRef = 9710B616167E34B300F26DE2 /* Milestone.m */; };
		9710B61A167E34C600F26DE2 /* Assignee.m in Sources */ = {isa = PBXBuildFile; fileRef = 9710B619167E34C600F26DE2 /* Assignee.m */; };
		9710B61D167E34C600F26DE2 /* Author.m in Sources */ = {isa = PBXBuildFile; fileRef = 9710B61C167E34C600F26DE2 /* Author.m */; };
		9710B620167E34C600F26DE2 /* Issue.m in Sources */ = {isa = PBXBuildFile; fileRef = 9710B61F167E34C600F26DE2 /* Issue.m */; };
		9710B623167E34C600F26DE2 /* User.m in Sources */ = {isa = PBXBuildFile; fileRef = 9710B622167E34C600F26DE2 /* User.m */; };
		9710B626167E34C700F26DE2 /* Domain.m in Sources */ = {isa = PBXBuildFile; fileRef = 9710B625167E34C700F26DE2 /* Domain.m */; };
		9710B629167E34C700F26DE2 /* Comment.m in Sources */ = {isa = PBXBuildFile; fileRef = 9710B628167E34C700F26DE2 /* Comment.m */; };
		9710B62C167E34C700F26DE2 /* Snippet.m in Sources */ = {isa = PBXBuildFile; fileRef = 9710B62B167E34C700F26DE2 /* Snippet.m */; };
		9710B62F167E34C700F26DE2 /* MergeRequest.m in Sources */ = {isa = PBXBuildFile; fileRef = 9710B62E167E34C700F26DE2 /* MergeRequest.m */; };
		9710B632167E34C700F26DE2 /* Project.m in Sources */ = {isa = PBXBuildFile; fileRef = 9710B631167E34C700F26DE2 /* Project.m */; };
		9710B635167E34C700F26DE2 /* Note.m in Sources */ = {isa = PBXBuildFile; fileRef = 9710B634167E34C700F26DE2 /* Note.m */; };
		9710B638167E34C700F26DE2 /* SSH_key.m in Sources */ = {isa = PBXBuildFile; fileRef = 9710B637167E34C700F26DE2 /* SSH_key.m */; };
		9710B63B167E34C700F26DE2 /* Session.m in Sources */ = {isa = PBXBuildFile; fileRef = 9710B63A167E34C700F26DE2 /* Session.m */; };
		9710B63E167E34C700F26DE2 /* Owner.m in Sources */ = {isa = PBXBuildFile; fileRef = 9710B63D167E34C700F26DE2 /* Owner.m */; };
		9710B67B167E354000F26DE2 /* MagicalImportFunctions.m in Sources */ = {isa = PBXBuildFile; fileRef = 9710B643167E353F00F26DE2 /* MagicalImportFunctions.m */; };
		9710B67C167E354000F26DE2 /* NSAttributeDescription+MagicalDataImport.m in Sources */ = {isa = PBXBuildFile; fileRef = 9710B645167E353F00F26DE2 /* NSAttributeDescription+MagicalDataImport.m */; };
		9710B67D167E354000F26DE2 /* NSEntityDescription+MagicalDataImport.m in Sources */ = {isa = PBXBuildFile; fileRef = 9710B647167E353F00F26DE2 /* NSEntityDescription+MagicalDataImport.m */; };
		9710B67E167E354000F26DE2 /* NSNumber+MagicalDataImport.m in Sources */ = {isa = PBXBuildFile; fileRef = 9710B649167E353F00F26DE2 /* NSNumber+MagicalDataImport.m */; };
		9710B67F167E354000F26DE2 /* NSObject+MagicalDataImport.m in Sources */ = {isa = PBXBuildFile; fileRef = 9710B64B167E353F00F26DE2 /* NSObject+MagicalDataImport.m */; };
		9710B680167E354000F26DE2 /* NSRelationshipDescription+MagicalDataImport.m in Sources */ = {isa = PBXBuildFile; fileRef = 9710B64D167E353F00F26DE2 /* NSRelationshipDescription+MagicalDataImport.m */; };
		9710B681167E354000F26DE2 /* NSString+MagicalDataImport.m in Sources */ = {isa = PBXBuildFile; fileRef = 9710B64F167E353F00F26DE2 /* NSString+MagicalDataImport.m */; };
		9710B682167E354000F26DE2 /* NSManagedObject+MagicalAggregation.m in Sources */ = {isa = PBXBuildFile; fileRef = 9710B652167E353F00F26DE2 /* NSManagedObject+MagicalAggregation.m */; };
		9710B683167E354000F26DE2 /* NSManagedObject+MagicalDataImport.m in Sources */ = {isa = PBXBuildFile; fileRef = 9710B654167E353F00F26DE2 /* NSManagedObject+MagicalDataImport.m */; };
		9710B684167E354000F26DE2 /* NSManagedObject+MagicalFinders.m in Sources */ = {isa = PBXBuildFile; fileRef = 9710B656167E353F00F26DE2 /* NSManagedObject+MagicalFinders.m */; };
		9710B685167E354000F26DE2 /* NSManagedObject+MagicalRecord.m in Sources */ = {isa = PBXBuildFile; fileRef = 9710B658167E353F00F26DE2 /* NSManagedObject+MagicalRecord.m */; };
		9710B686167E354000F26DE2 /* NSManagedObject+MagicalRequests.m in Sources */ = {isa = PBXBuildFile; fileRef = 9710B65A167E353F00F26DE2 /* NSManagedObject+MagicalRequests.m */; };
		9710B687167E354000F26DE2 /* NSManagedObjectContext+MagicalObserving.m in Sources */ = {isa = PBXBuildFile; fileRef = 9710B65D167E353F00F26DE2 /* NSManagedObjectContext+MagicalObserving.m */; };
		9710B688167E354000F26DE2 /* NSManagedObjectContext+MagicalRecord.m in Sources */ = {isa = PBXBuildFile; fileRef = 9710B65F167E353F00F26DE2 /* NSManagedObjectContext+MagicalRecord.m */; };
		9710B689167E354000F26DE2 /* NSManagedObjectContext+MagicalSaves.m in Sources */ = {isa = PBXBuildFile; fileRef = 9710B661167E353F00F26DE2 /* NSManagedObjectContext+MagicalSaves.m */; };
		9710B68A167E354000F26DE2 /* NSManagedObjectContext+MagicalThreading.m in Sources */ = {isa = PBXBuildFile; fileRef = 9710B663167E353F00F26DE2 /* NSManagedObjectContext+MagicalThreading.m */; };
		9710B68B167E354000F26DE2 /* NSManagedObjectModel+MagicalRecord.m in Sources */ = {isa = PBXBuildFile; fileRef = 9710B665167E353F00F26DE2 /* NSManagedObjectModel+MagicalRecord.m */; };
		9710B68C167E354000F26DE2 /* NSPersistentStore+MagicalRecord.m in Sources */ = {isa = PBXBuildFile; fileRef = 9710B667167E353F00F26DE2 /* NSPersistentStore+MagicalRecord.m */; };
		9710B68D167E354000F26DE2 /* NSPersistentStoreCoordinator+MagicalRecord.m in Sources */ = {isa = PBXBuildFile; fileRef = 9710B669167E353F00F26DE2 /* NSPersistentStoreCoordinator+MagicalRecord.m */; };
		9710B68E167E354000F26DE2 /* MagicalRecord+Actions.m in Sources */ = {isa = PBXBuildFile; fileRef = 9710B66C167E353F00F26DE2 /* MagicalRecord+Actions.m */; };
		9710B68F167E354000F26DE2 /* MagicalRecord+ErrorHandling.m in Sources */ = {isa = PBXBuildFile; fileRef = 9710B66E167E353F00F26DE2 /* MagicalRecord+ErrorHandling.m */; };
		9710B690167E354000F26DE2 /* MagicalRecord+iCloud.m in Sources */ = {isa = PBXBuildFile; fileRef = 9710B670167E353F00F26DE2 /* MagicalRecord+iCloud.m */; };
		9710B691167E354000F26DE2 /* MagicalRecord+Options.m in Sources */ = {isa = PBXBuildFile; fileRef = 9710B672167E353F00F26DE2 /* MagicalRecord+Options.m */; };
		9710B692167E354000F26DE2 /* MagicalRecord+Setup.m in Sources */ = {isa = PBXBuildFile; fileRef = 9710B674167E353F00F26DE2 /* MagicalRecord+Setup.m */; };
		9710B693167E354000F26DE2 /* MagicalRecord+ShorthandSupport.m in Sources */ = {isa = PBXBuildFile; fileRef = 9710B676167E353F00F26DE2 /* MagicalRecord+ShorthandSupport.m */; };
		9710B694167E354000F26DE2 /* MagicalRecord.m in Sources */ = {isa = PBXBuildFile; fileRef = 9710B678167E353F00F26DE2 /* MagicalRecord.m */; };
		9710B696167E355800F26DE2 /* CoreData.framework in Frameworks */ = {isa = PBXBuildFile; fileRef = 9710B695167E355700F26DE2 /* CoreData.framework */; };
		9710B69B167E385800F26DE2 /* NSManagedObjectContext+Queryable.m in Sources */ = {isa = PBXBuildFile; fileRef = 9710B69A167E385800F26DE2 /* NSManagedObjectContext+Queryable.m */; };
		973285F6167E4B0400CFACC2 /* NBNFavoritesViewController.m in Sources */ = {isa = PBXBuildFile; fileRef = 973285F5167E4B0400CFACC2 /* NBNFavoritesViewController.m */; };
		973285FF167E517800CFACC2 /* NBNProjectsViewController.m in Sources */ = {isa = PBXBuildFile; fileRef = 973285FE167E517800CFACC2 /* NBNProjectsViewController.m */; };
		97328602167E525300CFACC2 /* NBNProjectConnection.m in Sources */ = {isa = PBXBuildFile; fileRef = 97328601167E525300CFACC2 /* NBNProjectConnection.m */; };
		97328603167E55DD00CFACC2 /* PBFileLogger.m in Sources */ = {isa = PBXBuildFile; fileRef = 9710B608167E2DAF00F26DE2 /* PBFileLogger.m */; };
		97328604167E55DD00CFACC2 /* PBLog.m in Sources */ = {isa = PBXBuildFile; fileRef = 9710B60A167E2DAF00F26DE2 /* PBLog.m */; };
/* End PBXBuildFile section */

/* Begin PBXContainerItemProxy section */
		9710B5CA167E2C4600F26DE2 /* PBXContainerItemProxy */ = {
			isa = PBXContainerItemProxy;
			containerPortal = 9710B59B167E2C4500F26DE2 /* Project object */;
			proxyType = 1;
			remoteGlobalIDString = 9710B5A3167E2C4500F26DE2;
			remoteInfo = GitLabIssues;
		};
/* End PBXContainerItemProxy section */

/* Begin PBXFileReference section */
		9710B5A4167E2C4500F26DE2 /* GitLabIssues.app */ = {isa = PBXFileReference; explicitFileType = wrapper.application; includeInIndex = 0; path = GitLabIssues.app; sourceTree = BUILT_PRODUCTS_DIR; };
		9710B5A8167E2C4500F26DE2 /* UIKit.framework */ = {isa = PBXFileReference; lastKnownFileType = wrapper.framework; name = UIKit.framework; path = System/Library/Frameworks/UIKit.framework; sourceTree = SDKROOT; };
		9710B5AA167E2C4500F26DE2 /* Foundation.framework */ = {isa = PBXFileReference; lastKnownFileType = wrapper.framework; name = Foundation.framework; path = System/Library/Frameworks/Foundation.framework; sourceTree = SDKROOT; };
		9710B5AC167E2C4500F26DE2 /* CoreGraphics.framework */ = {isa = PBXFileReference; lastKnownFileType = wrapper.framework; name = CoreGraphics.framework; path = System/Library/Frameworks/CoreGraphics.framework; sourceTree = SDKROOT; };
		9710B5B0167E2C4500F26DE2 /* GitLabIssues-Info.plist */ = {isa = PBXFileReference; lastKnownFileType = text.plist.xml; path = "GitLabIssues-Info.plist"; sourceTree = "<group>"; };
		9710B5B2167E2C4500F26DE2 /* en */ = {isa = PBXFileReference; lastKnownFileType = text.plist.strings; name = en; path = en.lproj/InfoPlist.strings; sourceTree = "<group>"; };
		9710B5B4167E2C4500F26DE2 /* main.m */ = {isa = PBXFileReference; lastKnownFileType = sourcecode.c.objc; path = main.m; sourceTree = "<group>"; };
		9710B5B6167E2C4500F26DE2 /* GitLabIssues-Prefix.pch */ = {isa = PBXFileReference; lastKnownFileType = sourcecode.c.h; path = "GitLabIssues-Prefix.pch"; sourceTree = "<group>"; };
		9710B5B7167E2C4500F26DE2 /* NBNAppDelegate.h */ = {isa = PBXFileReference; lastKnownFileType = sourcecode.c.h; path = NBNAppDelegate.h; sourceTree = "<group>"; };
		9710B5B8167E2C4500F26DE2 /* NBNAppDelegate.m */ = {isa = PBXFileReference; lastKnownFileType = sourcecode.c.objc; path = NBNAppDelegate.m; sourceTree = "<group>"; };
		9710B5BA167E2C4500F26DE2 /* Default.png */ = {isa = PBXFileReference; lastKnownFileType = image.png; path = Default.png; sourceTree = "<group>"; };
		9710B5BC167E2C4500F26DE2 /* Default@2x.png */ = {isa = PBXFileReference; lastKnownFileType = image.png; path = "Default@2x.png"; sourceTree = "<group>"; };
		9710B5BE167E2C4500F26DE2 /* Default-568h@2x.png */ = {isa = PBXFileReference; lastKnownFileType = image.png; path = "Default-568h@2x.png"; sourceTree = "<group>"; };
		9710B5C5167E2C4600F26DE2 /* GitLabIssuesTests.octest */ = {isa = PBXFileReference; explicitFileType = wrapper.cfbundle; includeInIndex = 0; path = GitLabIssuesTests.octest; sourceTree = BUILT_PRODUCTS_DIR; };
		9710B5C6167E2C4600F26DE2 /* SenTestingKit.framework */ = {isa = PBXFileReference; lastKnownFileType = wrapper.framework; name = SenTestingKit.framework; path = Library/Frameworks/SenTestingKit.framework; sourceTree = DEVELOPER_DIR; };
		9710B5CE167E2C4600F26DE2 /* GitLabIssuesTests-Info.plist */ = {isa = PBXFileReference; lastKnownFileType = text.plist.xml; path = "GitLabIssuesTests-Info.plist"; sourceTree = "<group>"; };
		9710B5D0167E2C4600F26DE2 /* en */ = {isa = PBXFileReference; lastKnownFileType = text.plist.strings; name = en; path = en.lproj/InfoPlist.strings; sourceTree = "<group>"; };
		9710B5D2167E2C4600F26DE2 /* GitLabIssuesTests.h */ = {isa = PBXFileReference; lastKnownFileType = sourcecode.c.h; path = GitLabIssuesTests.h; sourceTree = "<group>"; };
		9710B5D3167E2C4600F26DE2 /* GitLabIssuesTests.m */ = {isa = PBXFileReference; lastKnownFileType = sourcecode.c.objc; path = GitLabIssuesTests.m; sourceTree = "<group>"; };
		9710B5DE167E2CAB00F26DE2 /* ASIAuthenticationDialog.h */ = {isa = PBXFileReference; fileEncoding = 4; lastKnownFileType = sourcecode.c.h; path = ASIAuthenticationDialog.h; sourceTree = "<group>"; };
		9710B5DF167E2CAB00F26DE2 /* ASIAuthenticationDialog.m */ = {isa = PBXFileReference; fileEncoding = 4; lastKnownFileType = sourcecode.c.objc; path = ASIAuthenticationDialog.m; sourceTree = "<group>"; };
		9710B5E0167E2CAB00F26DE2 /* ASICacheDelegate.h */ = {isa = PBXFileReference; fileEncoding = 4; lastKnownFileType = sourcecode.c.h; path = ASICacheDelegate.h; sourceTree = "<group>"; };
		9710B5E1167E2CAB00F26DE2 /* ASIDataCompressor.h */ = {isa = PBXFileReference; fileEncoding = 4; lastKnownFileType = sourcecode.c.h; path = ASIDataCompressor.h; sourceTree = "<group>"; };
		9710B5E2167E2CAB00F26DE2 /* ASIDataCompressor.m */ = {isa = PBXFileReference; fileEncoding = 4; lastKnownFileType = sourcecode.c.objc; path = ASIDataCompressor.m; sourceTree = "<group>"; };
		9710B5E3167E2CAB00F26DE2 /* ASIDataDecompressor.h */ = {isa = PBXFileReference; fileEncoding = 4; lastKnownFileType = sourcecode.c.h; path = ASIDataDecompressor.h; sourceTree = "<group>"; };
		9710B5E4167E2CAB00F26DE2 /* ASIDataDecompressor.m */ = {isa = PBXFileReference; fileEncoding = 4; lastKnownFileType = sourcecode.c.objc; path = ASIDataDecompressor.m; sourceTree = "<group>"; };
		9710B5E5167E2CAB00F26DE2 /* ASIDownloadCache.h */ = {isa = PBXFileReference; fileEncoding = 4; lastKnownFileType = sourcecode.c.h; path = ASIDownloadCache.h; sourceTree = "<group>"; };
		9710B5E6167E2CAB00F26DE2 /* ASIDownloadCache.m */ = {isa = PBXFileReference; fileEncoding = 4; lastKnownFileType = sourcecode.c.objc; path = ASIDownloadCache.m; sourceTree = "<group>"; };
		9710B5E7167E2CAB00F26DE2 /* ASIFormDataRequest.h */ = {isa = PBXFileReference; fileEncoding = 4; lastKnownFileType = sourcecode.c.h; path = ASIFormDataRequest.h; sourceTree = "<group>"; };
		9710B5E8167E2CAB00F26DE2 /* ASIFormDataRequest.m */ = {isa = PBXFileReference; fileEncoding = 4; lastKnownFileType = sourcecode.c.objc; path = ASIFormDataRequest.m; sourceTree = "<group>"; };
		9710B5E9167E2CAB00F26DE2 /* ASIHTTPRequest.h */ = {isa = PBXFileReference; fileEncoding = 4; lastKnownFileType = sourcecode.c.h; path = ASIHTTPRequest.h; sourceTree = "<group>"; };
		9710B5EA167E2CAB00F26DE2 /* ASIHTTPRequest.m */ = {isa = PBXFileReference; fileEncoding = 4; lastKnownFileType = sourcecode.c.objc; path = ASIHTTPRequest.m; sourceTree = "<group>"; };
		9710B5EB167E2CAB00F26DE2 /* ASIHTTPRequestConfig.h */ = {isa = PBXFileReference; fileEncoding = 4; lastKnownFileType = sourcecode.c.h; path = ASIHTTPRequestConfig.h; sourceTree = "<group>"; };
		9710B5EC167E2CAB00F26DE2 /* ASIHTTPRequestDelegate.h */ = {isa = PBXFileReference; fileEncoding = 4; lastKnownFileType = sourcecode.c.h; path = ASIHTTPRequestDelegate.h; sourceTree = "<group>"; };
		9710B5ED167E2CAB00F26DE2 /* ASIInputStream.h */ = {isa = PBXFileReference; fileEncoding = 4; lastKnownFileType = sourcecode.c.h; path = ASIInputStream.h; sourceTree = "<group>"; };
		9710B5EE167E2CAB00F26DE2 /* ASIInputStream.m */ = {isa = PBXFileReference; fileEncoding = 4; lastKnownFileType = sourcecode.c.objc; path = ASIInputStream.m; sourceTree = "<group>"; };
		9710B5EF167E2CAB00F26DE2 /* ASINetworkQueue.h */ = {isa = PBXFileReference; fileEncoding = 4; lastKnownFileType = sourcecode.c.h; path = ASINetworkQueue.h; sourceTree = "<group>"; };
		9710B5F0167E2CAB00F26DE2 /* ASINetworkQueue.m */ = {isa = PBXFileReference; fileEncoding = 4; lastKnownFileType = sourcecode.c.objc; path = ASINetworkQueue.m; sourceTree = "<group>"; };
		9710B5F1167E2CAB00F26DE2 /* ASIProgressDelegate.h */ = {isa = PBXFileReference; fileEncoding = 4; lastKnownFileType = sourcecode.c.h; path = ASIProgressDelegate.h; sourceTree = "<group>"; };
		9710B5FB167E2CB700F26DE2 /* Reachability.h */ = {isa = PBXFileReference; fileEncoding = 4; lastKnownFileType = sourcecode.c.h; path = Reachability.h; sourceTree = "<group>"; };
		9710B5FC167E2CB700F26DE2 /* Reachability.m */ = {isa = PBXFileReference; fileEncoding = 4; lastKnownFileType = sourcecode.c.objc; path = Reachability.m; sourceTree = "<group>"; };
		9710B5FE167E2CD100F26DE2 /* SystemConfiguration.framework */ = {isa = PBXFileReference; lastKnownFileType = wrapper.framework; name = SystemConfiguration.framework; path = System/Library/Frameworks/SystemConfiguration.framework; sourceTree = SDKROOT; };
		9710B600167E2CD800F26DE2 /* MobileCoreServices.framework */ = {isa = PBXFileReference; lastKnownFileType = wrapper.framework; name = MobileCoreServices.framework; path = System/Library/Frameworks/MobileCoreServices.framework; sourceTree = SDKROOT; };
		9710B602167E2CE400F26DE2 /* libz.dylib */ = {isa = PBXFileReference; lastKnownFileType = "compiled.mach-o.dylib"; name = libz.dylib; path = usr/lib/libz.dylib; sourceTree = SDKROOT; };
		9710B604167E2CF800F26DE2 /* CFNetwork.framework */ = {isa = PBXFileReference; lastKnownFileType = wrapper.framework; name = CFNetwork.framework; path = System/Library/Frameworks/CFNetwork.framework; sourceTree = SDKROOT; };
		9710B607167E2DAF00F26DE2 /* PBFileLogger.h */ = {isa = PBXFileReference; fileEncoding = 4; lastKnownFileType = sourcecode.c.h; path = PBFileLogger.h; sourceTree = "<group>"; };
		9710B608167E2DAF00F26DE2 /* PBFileLogger.m */ = {isa = PBXFileReference; fileEncoding = 4; lastKnownFileType = sourcecode.c.objc; path = PBFileLogger.m; sourceTree = "<group>"; };
		9710B609167E2DAF00F26DE2 /* PBLog.h */ = {isa = PBXFileReference; fileEncoding = 4; lastKnownFileType = sourcecode.c.h; path = PBLog.h; sourceTree = "<group>"; };
		9710B60A167E2DAF00F26DE2 /* PBLog.m */ = {isa = PBXFileReference; fileEncoding = 4; lastKnownFileType = sourcecode.c.objc; path = PBLog.m; sourceTree = "<group>"; };
		9710B60E167E30F000F26DE2 /* NBNHomeScreenViewController.h */ = {isa = PBXFileReference; fileEncoding = 4; lastKnownFileType = sourcecode.c.h; name = NBNHomeScreenViewController.h; path = Views/NBNHomeScreenViewController.h; sourceTree = "<group>"; };
		9710B60F167E30F000F26DE2 /* NBNHomeScreenViewController.m */ = {isa = PBXFileReference; fileEncoding = 4; lastKnownFileType = sourcecode.c.objc; name = NBNHomeScreenViewController.m; path = Views/NBNHomeScreenViewController.m; sourceTree = "<group>"; };
		9710B613167E345B00F26DE2 /* GitLab.xcdatamodel */ = {isa = PBXFileReference; lastKnownFileType = wrapper.xcdatamodel; path = GitLab.xcdatamodel; sourceTree = "<group>"; };
		9710B615167E34B300F26DE2 /* Milestone.h */ = {isa = PBXFileReference; fileEncoding = 4; lastKnownFileType = sourcecode.c.h; name = Milestone.h; path = Models/Milestone.h; sourceTree = "<group>"; };
		9710B616167E34B300F26DE2 /* Milestone.m */ = {isa = PBXFileReference; fileEncoding = 4; lastKnownFileType = sourcecode.c.objc; name = Milestone.m; path = Models/Milestone.m; sourceTree = "<group>"; };
		9710B618167E34C600F26DE2 /* Assignee.h */ = {isa = PBXFileReference; fileEncoding = 4; lastKnownFileType = sourcecode.c.h; name = Assignee.h; path = Models/Assignee.h; sourceTree = "<group>"; };
		9710B619167E34C600F26DE2 /* Assignee.m */ = {isa = PBXFileReference; fileEncoding = 4; lastKnownFileType = sourcecode.c.objc; name = Assignee.m; path = Models/Assignee.m; sourceTree = "<group>"; };
		9710B61B167E34C600F26DE2 /* Author.h */ = {isa = PBXFileReference; fileEncoding = 4; lastKnownFileType = sourcecode.c.h; name = Author.h; path = Models/Author.h; sourceTree = "<group>"; };
		9710B61C167E34C600F26DE2 /* Author.m */ = {isa = PBXFileReference; fileEncoding = 4; lastKnownFileType = sourcecode.c.objc; name = Author.m; path = Models/Author.m; sourceTree = "<group>"; };
		9710B61E167E34C600F26DE2 /* Issue.h */ = {isa = PBXFileReference; fileEncoding = 4; lastKnownFileType = sourcecode.c.h; name = Issue.h; path = Models/Issue.h; sourceTree = "<group>"; };
		9710B61F167E34C600F26DE2 /* Issue.m */ = {isa = PBXFileReference; fileEncoding = 4; lastKnownFileType = sourcecode.c.objc; name = Issue.m; path = Models/Issue.m; sourceTree = "<group>"; };
		9710B621167E34C600F26DE2 /* User.h */ = {isa = PBXFileReference; fileEncoding = 4; lastKnownFileType = sourcecode.c.h; name = User.h; path = Models/User.h; sourceTree = "<group>"; };
		9710B622167E34C600F26DE2 /* User.m */ = {isa = PBXFileReference; fileEncoding = 4; lastKnownFileType = sourcecode.c.objc; name = User.m; path = Models/User.m; sourceTree = "<group>"; };
		9710B624167E34C700F26DE2 /* Domain.h */ = {isa = PBXFileReference; fileEncoding = 4; lastKnownFileType = sourcecode.c.h; name = Domain.h; path = Models/Domain.h; sourceTree = "<group>"; };
		9710B625167E34C700F26DE2 /* Domain.m */ = {isa = PBXFileReference; fileEncoding = 4; lastKnownFileType = sourcecode.c.objc; name = Domain.m; path = Models/Domain.m; sourceTree = "<group>"; };
		9710B627167E34C700F26DE2 /* Comment.h */ = {isa = PBXFileReference; fileEncoding = 4; lastKnownFileType = sourcecode.c.h; name = Comment.h; path = Models/Comment.h; sourceTree = "<group>"; };
		9710B628167E34C700F26DE2 /* Comment.m */ = {isa = PBXFileReference; fileEncoding = 4; lastKnownFileType = sourcecode.c.objc; name = Comment.m; path = Models/Comment.m; sourceTree = "<group>"; };
		9710B62A167E34C700F26DE2 /* Snippet.h */ = {isa = PBXFileReference; fileEncoding = 4; lastKnownFileType = sourcecode.c.h; name = Snippet.h; path = Models/Snippet.h; sourceTree = "<group>"; };
		9710B62B167E34C700F26DE2 /* Snippet.m */ = {isa = PBXFileReference; fileEncoding = 4; lastKnownFileType = sourcecode.c.objc; name = Snippet.m; path = Models/Snippet.m; sourceTree = "<group>"; };
		9710B62D167E34C700F26DE2 /* MergeRequest.h */ = {isa = PBXFileReference; fileEncoding = 4; lastKnownFileType = sourcecode.c.h; name = MergeRequest.h; path = Models/MergeRequest.h; sourceTree = "<group>"; };
		9710B62E167E34C700F26DE2 /* MergeRequest.m */ = {isa = PBXFileReference; fileEncoding = 4; lastKnownFileType = sourcecode.c.objc; name = MergeRequest.m; path = Models/MergeRequest.m; sourceTree = "<group>"; };
		9710B630167E34C700F26DE2 /* Project.h */ = {isa = PBXFileReference; fileEncoding = 4; lastKnownFileType = sourcecode.c.h; name = Project.h; path = Models/Project.h; sourceTree = "<group>"; };
		9710B631167E34C700F26DE2 /* Project.m */ = {isa = PBXFileReference; fileEncoding = 4; lastKnownFileType = sourcecode.c.objc; name = Project.m; path = Models/Project.m; sourceTree = "<group>"; };
		9710B633167E34C700F26DE2 /* Note.h */ = {isa = PBXFileReference; fileEncoding = 4; lastKnownFileType = sourcecode.c.h; name = Note.h; path = Models/Note.h; sourceTree = "<group>"; };
		9710B634167E34C700F26DE2 /* Note.m */ = {isa = PBXFileReference; fileEncoding = 4; lastKnownFileType = sourcecode.c.objc; name = Note.m; path = Models/Note.m; sourceTree = "<group>"; };
		9710B636167E34C700F26DE2 /* SSH_key.h */ = {isa = PBXFileReference; fileEncoding = 4; lastKnownFileType = sourcecode.c.h; name = SSH_key.h; path = Models/SSH_key.h; sourceTree = "<group>"; };
		9710B637167E34C700F26DE2 /* SSH_key.m */ = {isa = PBXFileReference; fileEncoding = 4; lastKnownFileType = sourcecode.c.objc; name = SSH_key.m; path = Models/SSH_key.m; sourceTree = "<group>"; };
		9710B639167E34C700F26DE2 /* Session.h */ = {isa = PBXFileReference; fileEncoding = 4; lastKnownFileType = sourcecode.c.h; name = Session.h; path = Models/Session.h; sourceTree = "<group>"; };
		9710B63A167E34C700F26DE2 /* Session.m */ = {isa = PBXFileReference; fileEncoding = 4; lastKnownFileType = sourcecode.c.objc; name = Session.m; path = Models/Session.m; sourceTree = "<group>"; };
		9710B63C167E34C700F26DE2 /* Owner.h */ = {isa = PBXFileReference; fileEncoding = 4; lastKnownFileType = sourcecode.c.h; name = Owner.h; path = Models/Owner.h; sourceTree = "<group>"; };
		9710B63D167E34C700F26DE2 /* Owner.m */ = {isa = PBXFileReference; fileEncoding = 4; lastKnownFileType = sourcecode.c.objc; name = Owner.m; path = Models/Owner.m; sourceTree = "<group>"; };
		9710B642167E353F00F26DE2 /* MagicalImportFunctions.h */ = {isa = PBXFileReference; fileEncoding = 4; lastKnownFileType = sourcecode.c.h; path = MagicalImportFunctions.h; sourceTree = "<group>"; };
		9710B643167E353F00F26DE2 /* MagicalImportFunctions.m */ = {isa = PBXFileReference; fileEncoding = 4; lastKnownFileType = sourcecode.c.objc; path = MagicalImportFunctions.m; sourceTree = "<group>"; };
		9710B644167E353F00F26DE2 /* NSAttributeDescription+MagicalDataImport.h */ = {isa = PBXFileReference; fileEncoding = 4; lastKnownFileType = sourcecode.c.h; path = "NSAttributeDescription+MagicalDataImport.h"; sourceTree = "<group>"; };
		9710B645167E353F00F26DE2 /* NSAttributeDescription+MagicalDataImport.m */ = {isa = PBXFileReference; fileEncoding = 4; lastKnownFileType = sourcecode.c.objc; path = "NSAttributeDescription+MagicalDataImport.m"; sourceTree = "<group>"; };
		9710B646167E353F00F26DE2 /* NSEntityDescription+MagicalDataImport.h */ = {isa = PBXFileReference; fileEncoding = 4; lastKnownFileType = sourcecode.c.h; path = "NSEntityDescription+MagicalDataImport.h"; sourceTree = "<group>"; };
		9710B647167E353F00F26DE2 /* NSEntityDescription+MagicalDataImport.m */ = {isa = PBXFileReference; fileEncoding = 4; lastKnownFileType = sourcecode.c.objc; path = "NSEntityDescription+MagicalDataImport.m"; sourceTree = "<group>"; };
		9710B648167E353F00F26DE2 /* NSNumber+MagicalDataImport.h */ = {isa = PBXFileReference; fileEncoding = 4; lastKnownFileType = sourcecode.c.h; path = "NSNumber+MagicalDataImport.h"; sourceTree = "<group>"; };
		9710B649167E353F00F26DE2 /* NSNumber+MagicalDataImport.m */ = {isa = PBXFileReference; fileEncoding = 4; lastKnownFileType = sourcecode.c.objc; path = "NSNumber+MagicalDataImport.m"; sourceTree = "<group>"; };
		9710B64A167E353F00F26DE2 /* NSObject+MagicalDataImport.h */ = {isa = PBXFileReference; fileEncoding = 4; lastKnownFileType = sourcecode.c.h; path = "NSObject+MagicalDataImport.h"; sourceTree = "<group>"; };
		9710B64B167E353F00F26DE2 /* NSObject+MagicalDataImport.m */ = {isa = PBXFileReference; fileEncoding = 4; lastKnownFileType = sourcecode.c.objc; path = "NSObject+MagicalDataImport.m"; sourceTree = "<group>"; };
		9710B64C167E353F00F26DE2 /* NSRelationshipDescription+MagicalDataImport.h */ = {isa = PBXFileReference; fileEncoding = 4; lastKnownFileType = sourcecode.c.h; path = "NSRelationshipDescription+MagicalDataImport.h"; sourceTree = "<group>"; };
		9710B64D167E353F00F26DE2 /* NSRelationshipDescription+MagicalDataImport.m */ = {isa = PBXFileReference; fileEncoding = 4; lastKnownFileType = sourcecode.c.objc; path = "NSRelationshipDescription+MagicalDataImport.m"; sourceTree = "<group>"; };
		9710B64E167E353F00F26DE2 /* NSString+MagicalDataImport.h */ = {isa = PBXFileReference; fileEncoding = 4; lastKnownFileType = sourcecode.c.h; path = "NSString+MagicalDataImport.h"; sourceTree = "<group>"; };
		9710B64F167E353F00F26DE2 /* NSString+MagicalDataImport.m */ = {isa = PBXFileReference; fileEncoding = 4; lastKnownFileType = sourcecode.c.objc; path = "NSString+MagicalDataImport.m"; sourceTree = "<group>"; };
		9710B651167E353F00F26DE2 /* NSManagedObject+MagicalAggregation.h */ = {isa = PBXFileReference; fileEncoding = 4; lastKnownFileType = sourcecode.c.h; path = "NSManagedObject+MagicalAggregation.h"; sourceTree = "<group>"; };
		9710B652167E353F00F26DE2 /* NSManagedObject+MagicalAggregation.m */ = {isa = PBXFileReference; fileEncoding = 4; lastKnownFileType = sourcecode.c.objc; path = "NSManagedObject+MagicalAggregation.m"; sourceTree = "<group>"; };
		9710B653167E353F00F26DE2 /* NSManagedObject+MagicalDataImport.h */ = {isa = PBXFileReference; fileEncoding = 4; lastKnownFileType = sourcecode.c.h; path = "NSManagedObject+MagicalDataImport.h"; sourceTree = "<group>"; };
		9710B654167E353F00F26DE2 /* NSManagedObject+MagicalDataImport.m */ = {isa = PBXFileReference; fileEncoding = 4; lastKnownFileType = sourcecode.c.objc; path = "NSManagedObject+MagicalDataImport.m"; sourceTree = "<group>"; };
		9710B655167E353F00F26DE2 /* NSManagedObject+MagicalFinders.h */ = {isa = PBXFileReference; fileEncoding = 4; lastKnownFileType = sourcecode.c.h; path = "NSManagedObject+MagicalFinders.h"; sourceTree = "<group>"; };
		9710B656167E353F00F26DE2 /* NSManagedObject+MagicalFinders.m */ = {isa = PBXFileReference; fileEncoding = 4; lastKnownFileType = sourcecode.c.objc; path = "NSManagedObject+MagicalFinders.m"; sourceTree = "<group>"; };
		9710B657167E353F00F26DE2 /* NSManagedObject+MagicalRecord.h */ = {isa = PBXFileReference; fileEncoding = 4; lastKnownFileType = sourcecode.c.h; path = "NSManagedObject+MagicalRecord.h"; sourceTree = "<group>"; };
		9710B658167E353F00F26DE2 /* NSManagedObject+MagicalRecord.m */ = {isa = PBXFileReference; fileEncoding = 4; lastKnownFileType = sourcecode.c.objc; path = "NSManagedObject+MagicalRecord.m"; sourceTree = "<group>"; };
		9710B659167E353F00F26DE2 /* NSManagedObject+MagicalRequests.h */ = {isa = PBXFileReference; fileEncoding = 4; lastKnownFileType = sourcecode.c.h; path = "NSManagedObject+MagicalRequests.h"; sourceTree = "<group>"; };
		9710B65A167E353F00F26DE2 /* NSManagedObject+MagicalRequests.m */ = {isa = PBXFileReference; fileEncoding = 4; lastKnownFileType = sourcecode.c.objc; path = "NSManagedObject+MagicalRequests.m"; sourceTree = "<group>"; };
		9710B65C167E353F00F26DE2 /* NSManagedObjectContext+MagicalObserving.h */ = {isa = PBXFileReference; fileEncoding = 4; lastKnownFileType = sourcecode.c.h; path = "NSManagedObjectContext+MagicalObserving.h"; sourceTree = "<group>"; };
		9710B65D167E353F00F26DE2 /* NSManagedObjectContext+MagicalObserving.m */ = {isa = PBXFileReference; fileEncoding = 4; lastKnownFileType = sourcecode.c.objc; path = "NSManagedObjectContext+MagicalObserving.m"; sourceTree = "<group>"; };
		9710B65E167E353F00F26DE2 /* NSManagedObjectContext+MagicalRecord.h */ = {isa = PBXFileReference; fileEncoding = 4; lastKnownFileType = sourcecode.c.h; path = "NSManagedObjectContext+MagicalRecord.h"; sourceTree = "<group>"; };
		9710B65F167E353F00F26DE2 /* NSManagedObjectContext+MagicalRecord.m */ = {isa = PBXFileReference; fileEncoding = 4; lastKnownFileType = sourcecode.c.objc; path = "NSManagedObjectContext+MagicalRecord.m"; sourceTree = "<group>"; };
		9710B660167E353F00F26DE2 /* NSManagedObjectContext+MagicalSaves.h */ = {isa = PBXFileReference; fileEncoding = 4; lastKnownFileType = sourcecode.c.h; path = "NSManagedObjectContext+MagicalSaves.h"; sourceTree = "<group>"; };
		9710B661167E353F00F26DE2 /* NSManagedObjectContext+MagicalSaves.m */ = {isa = PBXFileReference; fileEncoding = 4; lastKnownFileType = sourcecode.c.objc; path = "NSManagedObjectContext+MagicalSaves.m"; sourceTree = "<group>"; };
		9710B662167E353F00F26DE2 /* NSManagedObjectContext+MagicalThreading.h */ = {isa = PBXFileReference; fileEncoding = 4; lastKnownFileType = sourcecode.c.h; path = "NSManagedObjectContext+MagicalThreading.h"; sourceTree = "<group>"; };
		9710B663167E353F00F26DE2 /* NSManagedObjectContext+MagicalThreading.m */ = {isa = PBXFileReference; fileEncoding = 4; lastKnownFileType = sourcecode.c.objc; path = "NSManagedObjectContext+MagicalThreading.m"; sourceTree = "<group>"; };
		9710B664167E353F00F26DE2 /* NSManagedObjectModel+MagicalRecord.h */ = {isa = PBXFileReference; fileEncoding = 4; lastKnownFileType = sourcecode.c.h; path = "NSManagedObjectModel+MagicalRecord.h"; sourceTree = "<group>"; };
		9710B665167E353F00F26DE2 /* NSManagedObjectModel+MagicalRecord.m */ = {isa = PBXFileReference; fileEncoding = 4; lastKnownFileType = sourcecode.c.objc; path = "NSManagedObjectModel+MagicalRecord.m"; sourceTree = "<group>"; };
		9710B666167E353F00F26DE2 /* NSPersistentStore+MagicalRecord.h */ = {isa = PBXFileReference; fileEncoding = 4; lastKnownFileType = sourcecode.c.h; path = "NSPersistentStore+MagicalRecord.h"; sourceTree = "<group>"; };
		9710B667167E353F00F26DE2 /* NSPersistentStore+MagicalRecord.m */ = {isa = PBXFileReference; fileEncoding = 4; lastKnownFileType = sourcecode.c.objc; path = "NSPersistentStore+MagicalRecord.m"; sourceTree = "<group>"; };
		9710B668167E353F00F26DE2 /* NSPersistentStoreCoordinator+MagicalRecord.h */ = {isa = PBXFileReference; fileEncoding = 4; lastKnownFileType = sourcecode.c.h; path = "NSPersistentStoreCoordinator+MagicalRecord.h"; sourceTree = "<group>"; };
		9710B669167E353F00F26DE2 /* NSPersistentStoreCoordinator+MagicalRecord.m */ = {isa = PBXFileReference; fileEncoding = 4; lastKnownFileType = sourcecode.c.objc; path = "NSPersistentStoreCoordinator+MagicalRecord.m"; sourceTree = "<group>"; };
		9710B66B167E353F00F26DE2 /* MagicalRecord+Actions.h */ = {isa = PBXFileReference; fileEncoding = 4; lastKnownFileType = sourcecode.c.h; path = "MagicalRecord+Actions.h"; sourceTree = "<group>"; };
		9710B66C167E353F00F26DE2 /* MagicalRecord+Actions.m */ = {isa = PBXFileReference; fileEncoding = 4; lastKnownFileType = sourcecode.c.objc; path = "MagicalRecord+Actions.m"; sourceTree = "<group>"; };
		9710B66D167E353F00F26DE2 /* MagicalRecord+ErrorHandling.h */ = {isa = PBXFileReference; fileEncoding = 4; lastKnownFileType = sourcecode.c.h; path = "MagicalRecord+ErrorHandling.h"; sourceTree = "<group>"; };
		9710B66E167E353F00F26DE2 /* MagicalRecord+ErrorHandling.m */ = {isa = PBXFileReference; fileEncoding = 4; lastKnownFileType = sourcecode.c.objc; path = "MagicalRecord+ErrorHandling.m"; sourceTree = "<group>"; };
		9710B66F167E353F00F26DE2 /* MagicalRecord+iCloud.h */ = {isa = PBXFileReference; fileEncoding = 4; lastKnownFileType = sourcecode.c.h; path = "MagicalRecord+iCloud.h"; sourceTree = "<group>"; };
		9710B670167E353F00F26DE2 /* MagicalRecord+iCloud.m */ = {isa = PBXFileReference; fileEncoding = 4; lastKnownFileType = sourcecode.c.objc; path = "MagicalRecord+iCloud.m"; sourceTree = "<group>"; };
		9710B671167E353F00F26DE2 /* MagicalRecord+Options.h */ = {isa = PBXFileReference; fileEncoding = 4; lastKnownFileType = sourcecode.c.h; path = "MagicalRecord+Options.h"; sourceTree = "<group>"; };
		9710B672167E353F00F26DE2 /* MagicalRecord+Options.m */ = {isa = PBXFileReference; fileEncoding = 4; lastKnownFileType = sourcecode.c.objc; path = "MagicalRecord+Options.m"; sourceTree = "<group>"; };
		9710B673167E353F00F26DE2 /* MagicalRecord+Setup.h */ = {isa = PBXFileReference; fileEncoding = 4; lastKnownFileType = sourcecode.c.h; path = "MagicalRecord+Setup.h"; sourceTree = "<group>"; };
		9710B674167E353F00F26DE2 /* MagicalRecord+Setup.m */ = {isa = PBXFileReference; fileEncoding = 4; lastKnownFileType = sourcecode.c.objc; path = "MagicalRecord+Setup.m"; sourceTree = "<group>"; };
		9710B675167E353F00F26DE2 /* MagicalRecord+ShorthandSupport.h */ = {isa = PBXFileReference; fileEncoding = 4; lastKnownFileType = sourcecode.c.h; path = "MagicalRecord+ShorthandSupport.h"; sourceTree = "<group>"; };
		9710B676167E353F00F26DE2 /* MagicalRecord+ShorthandSupport.m */ = {isa = PBXFileReference; fileEncoding = 4; lastKnownFileType = sourcecode.c.objc; path = "MagicalRecord+ShorthandSupport.m"; sourceTree = "<group>"; };
		9710B677167E353F00F26DE2 /* MagicalRecord.h */ = {isa = PBXFileReference; fileEncoding = 4; lastKnownFileType = sourcecode.c.h; path = MagicalRecord.h; sourceTree = "<group>"; };
		9710B678167E353F00F26DE2 /* MagicalRecord.m */ = {isa = PBXFileReference; fileEncoding = 4; lastKnownFileType = sourcecode.c.objc; path = MagicalRecord.m; sourceTree = "<group>"; };
		9710B679167E353F00F26DE2 /* MagicalRecordShorthand.h */ = {isa = PBXFileReference; fileEncoding = 4; lastKnownFileType = sourcecode.c.h; path = MagicalRecordShorthand.h; sourceTree = "<group>"; };
		9710B67A167E353F00F26DE2 /* CoreData+MagicalRecord.h */ = {isa = PBXFileReference; fileEncoding = 4; lastKnownFileType = sourcecode.c.h; path = "CoreData+MagicalRecord.h"; sourceTree = "<group>"; };
		9710B695167E355700F26DE2 /* CoreData.framework */ = {isa = PBXFileReference; lastKnownFileType = wrapper.framework; name = CoreData.framework; path = System/Library/Frameworks/CoreData.framework; sourceTree = SDKROOT; };
		9710B699167E385800F26DE2 /* NSManagedObjectContext+Queryable.h */ = {isa = PBXFileReference; fileEncoding = 4; lastKnownFileType = sourcecode.c.h; path = "NSManagedObjectContext+Queryable.h"; sourceTree = "<group>"; };
		9710B69A167E385800F26DE2 /* NSManagedObjectContext+Queryable.m */ = {isa = PBXFileReference; fileEncoding = 4; lastKnownFileType = sourcecode.c.objc; path = "NSManagedObjectContext+Queryable.m"; sourceTree = "<group>"; };
		973285F4167E4B0400CFACC2 /* NBNFavoritesViewController.h */ = {isa = PBXFileReference; fileEncoding = 4; lastKnownFileType = sourcecode.c.h; name = NBNFavoritesViewController.h; path = Views/NBNFavoritesViewController.h; sourceTree = "<group>"; };
		973285F5167E4B0400CFACC2 /* NBNFavoritesViewController.m */ = {isa = PBXFileReference; fileEncoding = 4; lastKnownFileType = sourcecode.c.objc; name = NBNFavoritesViewController.m; path = Views/NBNFavoritesViewController.m; sourceTree = "<group>"; };
		973285FD167E517800CFACC2 /* NBNProjectsViewController.h */ = {isa = PBXFileReference; fileEncoding = 4; lastKnownFileType = sourcecode.c.h; name = NBNProjectsViewController.h; path = Views/NBNProjectsViewController.h; sourceTree = "<group>"; };
		973285FE167E517800CFACC2 /* NBNProjectsViewController.m */ = {isa = PBXFileReference; fileEncoding = 4; lastKnownFileType = sourcecode.c.objc; name = NBNProjectsViewController.m; path = Views/NBNProjectsViewController.m; sourceTree = "<group>"; };
		97328600167E525300CFACC2 /* NBNProjectConnection.h */ = {isa = PBXFileReference; fileEncoding = 4; lastKnownFileType = sourcecode.c.h; name = NBNProjectConnection.h; path = Network/NBNProjectConnection.h; sourceTree = "<group>"; };
		97328601167E525300CFACC2 /* NBNProjectConnection.m */ = {isa = PBXFileReference; fileEncoding = 4; lastKnownFileType = sourcecode.c.objc; name = NBNProjectConnection.m; path = Network/NBNProjectConnection.m; sourceTree = "<group>"; };
/* End PBXFileReference section */

/* Begin PBXFrameworksBuildPhase section */
		9710B5A1167E2C4500F26DE2 /* Frameworks */ = {
			isa = PBXFrameworksBuildPhase;
			buildActionMask = 2147483647;
			files = (
				9710B696167E355800F26DE2 /* CoreData.framework in Frameworks */,
				9710B605167E2CF800F26DE2 /* CFNetwork.framework in Frameworks */,
				9710B603167E2CE400F26DE2 /* libz.dylib in Frameworks */,
				9710B5AD167E2C4500F26DE2 /* CoreGraphics.framework in Frameworks */,
				9710B601167E2CD800F26DE2 /* MobileCoreServices.framework in Frameworks */,
				9710B5FF167E2CD100F26DE2 /* SystemConfiguration.framework in Frameworks */,
				9710B5A9167E2C4500F26DE2 /* UIKit.framework in Frameworks */,
				9710B5AB167E2C4500F26DE2 /* Foundation.framework in Frameworks */,
			);
			runOnlyForDeploymentPostprocessing = 0;
		};
		9710B5C1167E2C4600F26DE2 /* Frameworks */ = {
			isa = PBXFrameworksBuildPhase;
			buildActionMask = 2147483647;
			files = (
				9710B5C7167E2C4600F26DE2 /* SenTestingKit.framework in Frameworks */,
				9710B5C8167E2C4600F26DE2 /* UIKit.framework in Frameworks */,
				9710B5C9167E2C4600F26DE2 /* Foundation.framework in Frameworks */,
			);
			runOnlyForDeploymentPostprocessing = 0;
		};
/* End PBXFrameworksBuildPhase section */

/* Begin PBXGroup section */
		9710B599167E2C4500F26DE2 = {
			isa = PBXGroup;
			children = (
				9710B5AE167E2C4500F26DE2 /* GitLabIssues */,
				9710B5CC167E2C4600F26DE2 /* GitLabIssuesTests */,
				9710B5A7167E2C4500F26DE2 /* Frameworks */,
				9710B5A5167E2C4500F26DE2 /* Products */,
			);
			sourceTree = "<group>";
		};
		9710B5A5167E2C4500F26DE2 /* Products */ = {
			isa = PBXGroup;
			children = (
				9710B5A4167E2C4500F26DE2 /* GitLabIssues.app */,
				9710B5C5167E2C4600F26DE2 /* GitLabIssuesTests.octest */,
			);
			name = Products;
			sourceTree = "<group>";
		};
		9710B5A7167E2C4500F26DE2 /* Frameworks */ = {
			isa = PBXGroup;
			children = (
				9710B695167E355700F26DE2 /* CoreData.framework */,
				9710B604167E2CF800F26DE2 /* CFNetwork.framework */,
				9710B602167E2CE400F26DE2 /* libz.dylib */,
				9710B600167E2CD800F26DE2 /* MobileCoreServices.framework */,
				9710B5FE167E2CD100F26DE2 /* SystemConfiguration.framework */,
				9710B5A8167E2C4500F26DE2 /* UIKit.framework */,
				9710B5AA167E2C4500F26DE2 /* Foundation.framework */,
				9710B5AC167E2C4500F26DE2 /* CoreGraphics.framework */,
				9710B5C6167E2C4600F26DE2 /* SenTestingKit.framework */,
			);
			name = Frameworks;
			sourceTree = "<group>";
		};
		9710B5AE167E2C4500F26DE2 /* GitLabIssues */ = {
			isa = PBXGroup;
			children = (
				9710B5B7167E2C4500F26DE2 /* NBNAppDelegate.h */,
				9710B5B8167E2C4500F26DE2 /* NBNAppDelegate.m */,
				973285FB167E514500CFACC2 /* Projects */,
				973285F2167E4AEE00CFACC2 /* Favorite */,
				9710B60D167E30D300F26DE2 /* HomeScreen */,
				9710B611167E343000F26DE2 /* Models */,
				9710B5AF167E2C4500F26DE2 /* Supporting Files */,
			);
			path = GitLabIssues;
			sourceTree = "<group>";
		};
		9710B5AF167E2C4500F26DE2 /* Supporting Files */ = {
			isa = PBXGroup;
			children = (
				9710B697167E385700F26DE2 /* ios-queryable */,
				9710B63F167E353F00F26DE2 /* MagicalRecord */,
				9710B606167E2D7400F26DE2 /* PBLog */,
				9710B5DD167E2C9500F26DE2 /* ASI */,
				9710B5B0167E2C4500F26DE2 /* GitLabIssues-Info.plist */,
				9710B5B1167E2C4500F26DE2 /* InfoPlist.strings */,
				9710B5B4167E2C4500F26DE2 /* main.m */,
				9710B5B6167E2C4500F26DE2 /* GitLabIssues-Prefix.pch */,
				9710B5BA167E2C4500F26DE2 /* Default.png */,
				9710B5BC167E2C4500F26DE2 /* Default@2x.png */,
				9710B5BE167E2C4500F26DE2 /* Default-568h@2x.png */,
			);
			name = "Supporting Files";
			sourceTree = "<group>";
		};
		9710B5CC167E2C4600F26DE2 /* GitLabIssuesTests */ = {
			isa = PBXGroup;
			children = (
				9710B5D2167E2C4600F26DE2 /* GitLabIssuesTests.h */,
				9710B5D3167E2C4600F26DE2 /* GitLabIssuesTests.m */,
				9710B5CD167E2C4600F26DE2 /* Supporting Files */,
			);
			path = GitLabIssuesTests;
			sourceTree = "<group>";
		};
		9710B5CD167E2C4600F26DE2 /* Supporting Files */ = {
			isa = PBXGroup;
			children = (
				9710B5CE167E2C4600F26DE2 /* GitLabIssuesTests-Info.plist */,
				9710B5CF167E2C4600F26DE2 /* InfoPlist.strings */,
			);
			name = "Supporting Files";
			sourceTree = "<group>";
		};
		9710B5DD167E2C9500F26DE2 /* ASI */ = {
			isa = PBXGroup;
			children = (
				9710B5FA167E2CB700F26DE2 /* Reachability */,
				9710B5DE167E2CAB00F26DE2 /* ASIAuthenticationDialog.h */,
				9710B5DF167E2CAB00F26DE2 /* ASIAuthenticationDialog.m */,
				9710B5E0167E2CAB00F26DE2 /* ASICacheDelegate.h */,
				9710B5E1167E2CAB00F26DE2 /* ASIDataCompressor.h */,
				9710B5E2167E2CAB00F26DE2 /* ASIDataCompressor.m */,
				9710B5E3167E2CAB00F26DE2 /* ASIDataDecompressor.h */,
				9710B5E4167E2CAB00F26DE2 /* ASIDataDecompressor.m */,
				9710B5E5167E2CAB00F26DE2 /* ASIDownloadCache.h */,
				9710B5E6167E2CAB00F26DE2 /* ASIDownloadCache.m */,
				9710B5E7167E2CAB00F26DE2 /* ASIFormDataRequest.h */,
				9710B5E8167E2CAB00F26DE2 /* ASIFormDataRequest.m */,
				9710B5E9167E2CAB00F26DE2 /* ASIHTTPRequest.h */,
				9710B5EA167E2CAB00F26DE2 /* ASIHTTPRequest.m */,
				9710B5EB167E2CAB00F26DE2 /* ASIHTTPRequestConfig.h */,
				9710B5EC167E2CAB00F26DE2 /* ASIHTTPRequestDelegate.h */,
				9710B5ED167E2CAB00F26DE2 /* ASIInputStream.h */,
				9710B5EE167E2CAB00F26DE2 /* ASIInputStream.m */,
				9710B5EF167E2CAB00F26DE2 /* ASINetworkQueue.h */,
				9710B5F0167E2CAB00F26DE2 /* ASINetworkQueue.m */,
				9710B5F1167E2CAB00F26DE2 /* ASIProgressDelegate.h */,
			);
			name = ASI;
			sourceTree = "<group>";
		};
		9710B5FA167E2CB700F26DE2 /* Reachability */ = {
			isa = PBXGroup;
			children = (
				9710B5FB167E2CB700F26DE2 /* Reachability.h */,
				9710B5FC167E2CB700F26DE2 /* Reachability.m */,
			);
			path = Reachability;
			sourceTree = "<group>";
		};
		9710B606167E2D7400F26DE2 /* PBLog */ = {
			isa = PBXGroup;
			children = (
				9710B607167E2DAF00F26DE2 /* PBFileLogger.h */,
				9710B608167E2DAF00F26DE2 /* PBFileLogger.m */,
				9710B609167E2DAF00F26DE2 /* PBLog.h */,
				9710B60A167E2DAF00F26DE2 /* PBLog.m */,
			);
			name = PBLog;
			sourceTree = "<group>";
		};
		9710B60D167E30D300F26DE2 /* HomeScreen */ = {
			isa = PBXGroup;
			children = (
				9710B60E167E30F000F26DE2 /* NBNHomeScreenViewController.h */,
				9710B60F167E30F000F26DE2 /* NBNHomeScreenViewController.m */,
			);
			name = HomeScreen;
			sourceTree = "<group>";
		};
		9710B611167E343000F26DE2 /* Models */ = {
			isa = PBXGroup;
			children = (
				9710B612167E345B00F26DE2 /* GitLab.xcdatamodeld */,
				9710B63C167E34C700F26DE2 /* Owner.h */,
				9710B63D167E34C700F26DE2 /* Owner.m */,
				9710B639167E34C700F26DE2 /* Session.h */,
				9710B63A167E34C700F26DE2 /* Session.m */,
				9710B636167E34C700F26DE2 /* SSH_key.h */,
				9710B637167E34C700F26DE2 /* SSH_key.m */,
				9710B633167E34C700F26DE2 /* Note.h */,
				9710B634167E34C700F26DE2 /* Note.m */,
				9710B630167E34C700F26DE2 /* Project.h */,
				9710B631167E34C700F26DE2 /* Project.m */,
				9710B62D167E34C700F26DE2 /* MergeRequest.h */,
				9710B62E167E34C700F26DE2 /* MergeRequest.m */,
				9710B62A167E34C700F26DE2 /* Snippet.h */,
				9710B62B167E34C700F26DE2 /* Snippet.m */,
				9710B627167E34C700F26DE2 /* Comment.h */,
				9710B628167E34C700F26DE2 /* Comment.m */,
				9710B624167E34C700F26DE2 /* Domain.h */,
				9710B625167E34C700F26DE2 /* Domain.m */,
				9710B621167E34C600F26DE2 /* User.h */,
				9710B622167E34C600F26DE2 /* User.m */,
				9710B61E167E34C600F26DE2 /* Issue.h */,
				9710B61F167E34C600F26DE2 /* Issue.m */,
				9710B61B167E34C600F26DE2 /* Author.h */,
				9710B61C167E34C600F26DE2 /* Author.m */,
				9710B618167E34C600F26DE2 /* Assignee.h */,
				9710B619167E34C600F26DE2 /* Assignee.m */,
				9710B615167E34B300F26DE2 /* Milestone.h */,
				9710B616167E34B300F26DE2 /* Milestone.m */,
			);
			name = Models;
			sourceTree = "<group>";
		};
		9710B63F167E353F00F26DE2 /* MagicalRecord */ = {
			isa = PBXGroup;
			children = (
				9710B640167E353F00F26DE2 /* Categories */,
				9710B66A167E353F00F26DE2 /* Core */,
				9710B67A167E353F00F26DE2 /* CoreData+MagicalRecord.h */,
			);
			path = MagicalRecord;
			sourceTree = "<group>";
		};
		9710B640167E353F00F26DE2 /* Categories */ = {
			isa = PBXGroup;
			children = (
				9710B641167E353F00F26DE2 /* DataImport */,
				9710B650167E353F00F26DE2 /* NSManagedObject */,
				9710B65B167E353F00F26DE2 /* NSManagedObjectContext */,
				9710B664167E353F00F26DE2 /* NSManagedObjectModel+MagicalRecord.h */,
				9710B665167E353F00F26DE2 /* NSManagedObjectModel+MagicalRecord.m */,
				9710B666167E353F00F26DE2 /* NSPersistentStore+MagicalRecord.h */,
				9710B667167E353F00F26DE2 /* NSPersistentStore+MagicalRecord.m */,
				9710B668167E353F00F26DE2 /* NSPersistentStoreCoordinator+MagicalRecord.h */,
				9710B669167E353F00F26DE2 /* NSPersistentStoreCoordinator+MagicalRecord.m */,
			);
			path = Categories;
			sourceTree = "<group>";
		};
		9710B641167E353F00F26DE2 /* DataImport */ = {
			isa = PBXGroup;
			children = (
				9710B642167E353F00F26DE2 /* MagicalImportFunctions.h */,
				9710B643167E353F00F26DE2 /* MagicalImportFunctions.m */,
				9710B644167E353F00F26DE2 /* NSAttributeDescription+MagicalDataImport.h */,
				9710B645167E353F00F26DE2 /* NSAttributeDescription+MagicalDataImport.m */,
				9710B646167E353F00F26DE2 /* NSEntityDescription+MagicalDataImport.h */,
				9710B647167E353F00F26DE2 /* NSEntityDescription+MagicalDataImport.m */,
				9710B648167E353F00F26DE2 /* NSNumber+MagicalDataImport.h */,
				9710B649167E353F00F26DE2 /* NSNumber+MagicalDataImport.m */,
				9710B64A167E353F00F26DE2 /* NSObject+MagicalDataImport.h */,
				9710B64B167E353F00F26DE2 /* NSObject+MagicalDataImport.m */,
				9710B64C167E353F00F26DE2 /* NSRelationshipDescription+MagicalDataImport.h */,
				9710B64D167E353F00F26DE2 /* NSRelationshipDescription+MagicalDataImport.m */,
				9710B64E167E353F00F26DE2 /* NSString+MagicalDataImport.h */,
				9710B64F167E353F00F26DE2 /* NSString+MagicalDataImport.m */,
			);
			path = DataImport;
			sourceTree = "<group>";
		};
		9710B650167E353F00F26DE2 /* NSManagedObject */ = {
			isa = PBXGroup;
			children = (
				9710B651167E353F00F26DE2 /* NSManagedObject+MagicalAggregation.h */,
				9710B652167E353F00F26DE2 /* NSManagedObject+MagicalAggregation.m */,
				9710B653167E353F00F26DE2 /* NSManagedObject+MagicalDataImport.h */,
				9710B654167E353F00F26DE2 /* NSManagedObject+MagicalDataImport.m */,
				9710B655167E353F00F26DE2 /* NSManagedObject+MagicalFinders.h */,
				9710B656167E353F00F26DE2 /* NSManagedObject+MagicalFinders.m */,
				9710B657167E353F00F26DE2 /* NSManagedObject+MagicalRecord.h */,
				9710B658167E353F00F26DE2 /* NSManagedObject+MagicalRecord.m */,
				9710B659167E353F00F26DE2 /* NSManagedObject+MagicalRequests.h */,
				9710B65A167E353F00F26DE2 /* NSManagedObject+MagicalRequests.m */,
			);
			path = NSManagedObject;
			sourceTree = "<group>";
		};
		9710B65B167E353F00F26DE2 /* NSManagedObjectContext */ = {
			isa = PBXGroup;
			children = (
				9710B65C167E353F00F26DE2 /* NSManagedObjectContext+MagicalObserving.h */,
				9710B65D167E353F00F26DE2 /* NSManagedObjectContext+MagicalObserving.m */,
				9710B65E167E353F00F26DE2 /* NSManagedObjectContext+MagicalRecord.h */,
				9710B65F167E353F00F26DE2 /* NSManagedObjectContext+MagicalRecord.m */,
				9710B660167E353F00F26DE2 /* NSManagedObjectContext+MagicalSaves.h */,
				9710B661167E353F00F26DE2 /* NSManagedObjectContext+MagicalSaves.m */,
				9710B662167E353F00F26DE2 /* NSManagedObjectContext+MagicalThreading.h */,
				9710B663167E353F00F26DE2 /* NSManagedObjectContext+MagicalThreading.m */,
			);
			path = NSManagedObjectContext;
			sourceTree = "<group>";
		};
		9710B66A167E353F00F26DE2 /* Core */ = {
			isa = PBXGroup;
			children = (
				9710B66B167E353F00F26DE2 /* MagicalRecord+Actions.h */,
				9710B66C167E353F00F26DE2 /* MagicalRecord+Actions.m */,
				9710B66D167E353F00F26DE2 /* MagicalRecord+ErrorHandling.h */,
				9710B66E167E353F00F26DE2 /* MagicalRecord+ErrorHandling.m */,
				9710B66F167E353F00F26DE2 /* MagicalRecord+iCloud.h */,
				9710B670167E353F00F26DE2 /* MagicalRecord+iCloud.m */,
				9710B671167E353F00F26DE2 /* MagicalRecord+Options.h */,
				9710B672167E353F00F26DE2 /* MagicalRecord+Options.m */,
				9710B673167E353F00F26DE2 /* MagicalRecord+Setup.h */,
				9710B674167E353F00F26DE2 /* MagicalRecord+Setup.m */,
				9710B675167E353F00F26DE2 /* MagicalRecord+ShorthandSupport.h */,
				9710B676167E353F00F26DE2 /* MagicalRecord+ShorthandSupport.m */,
				9710B677167E353F00F26DE2 /* MagicalRecord.h */,
				9710B678167E353F00F26DE2 /* MagicalRecord.m */,
				9710B679167E353F00F26DE2 /* MagicalRecordShorthand.h */,
			);
			path = Core;
			sourceTree = "<group>";
		};
		9710B697167E385700F26DE2 /* ios-queryable */ = {
			isa = PBXGroup;
			children = (
				9710B699167E385800F26DE2 /* NSManagedObjectContext+Queryable.h */,
				9710B69A167E385800F26DE2 /* NSManagedObjectContext+Queryable.m */,
			);
			path = "ios-queryable";
			sourceTree = "<group>";
		};
		973285F2167E4AEE00CFACC2 /* Favorite */ = {
			isa = PBXGroup;
			children = (
				973285F4167E4B0400CFACC2 /* NBNFavoritesViewController.h */,
				973285F5167E4B0400CFACC2 /* NBNFavoritesViewController.m */,
			);
			name = Favorite;
			sourceTree = "<group>";
		};
		973285FB167E514500CFACC2 /* Projects */ = {
			isa = PBXGroup;
			children = (
				973285FD167E517800CFACC2 /* NBNProjectsViewController.h */,
				973285FE167E517800CFACC2 /* NBNProjectsViewController.m */,
				97328600167E525300CFACC2 /* NBNProjectConnection.h */,
				97328601167E525300CFACC2 /* NBNProjectConnection.m */,
			);
			name = Projects;
			sourceTree = "<group>";
		};
/* End PBXGroup section */

/* Begin PBXNativeTarget section */
		9710B5A3167E2C4500F26DE2 /* GitLabIssues */ = {
			isa = PBXNativeTarget;
			buildConfigurationList = 9710B5D7167E2C4600F26DE2 /* Build configuration list for PBXNativeTarget "GitLabIssues" */;
			buildPhases = (
				9710B5A0167E2C4500F26DE2 /* Sources */,
				9710B5A1167E2C4500F26DE2 /* Frameworks */,
				9710B5A2167E2C4500F26DE2 /* Resources */,
			);
			buildRules = (
			);
			dependencies = (
			);
			name = GitLabIssues;
			productName = GitLabIssues;
			productReference = 9710B5A4167E2C4500F26DE2 /* GitLabIssues.app */;
			productType = "com.apple.product-type.application";
		};
		9710B5C4167E2C4600F26DE2 /* GitLabIssuesTests */ = {
			isa = PBXNativeTarget;
			buildConfigurationList = 9710B5DA167E2C4600F26DE2 /* Build configuration list for PBXNativeTarget "GitLabIssuesTests" */;
			buildPhases = (
				9710B5C0167E2C4600F26DE2 /* Sources */,
				9710B5C1167E2C4600F26DE2 /* Frameworks */,
				9710B5C2167E2C4600F26DE2 /* Resources */,
				9710B5C3167E2C4600F26DE2 /* ShellScript */,
			);
			buildRules = (
			);
			dependencies = (
				9710B5CB167E2C4600F26DE2 /* PBXTargetDependency */,
			);
			name = GitLabIssuesTests;
			productName = GitLabIssuesTests;
			productReference = 9710B5C5167E2C4600F26DE2 /* GitLabIssuesTests.octest */;
			productType = "com.apple.product-type.bundle";
		};
/* End PBXNativeTarget section */

/* Begin PBXProject section */
		9710B59B167E2C4500F26DE2 /* Project object */ = {
			isa = PBXProject;
			attributes = {
				CLASSPREFIX = NBN;
				LastUpgradeCheck = 0450;
				ORGANIZATIONNAME = nerdishbynature;
			};
			buildConfigurationList = 9710B59E167E2C4500F26DE2 /* Build configuration list for PBXProject "GitLabIssues" */;
			compatibilityVersion = "Xcode 3.2";
			developmentRegion = English;
			hasScannedForEncodings = 0;
			knownRegions = (
				en,
			);
			mainGroup = 9710B599167E2C4500F26DE2;
			productRefGroup = 9710B5A5167E2C4500F26DE2 /* Products */;
			projectDirPath = "";
			projectRoot = "";
			targets = (
				9710B5A3167E2C4500F26DE2 /* GitLabIssues */,
				9710B5C4167E2C4600F26DE2 /* GitLabIssuesTests */,
			);
		};
/* End PBXProject section */

/* Begin PBXResourcesBuildPhase section */
		9710B5A2167E2C4500F26DE2 /* Resources */ = {
			isa = PBXResourcesBuildPhase;
			buildActionMask = 2147483647;
			files = (
				9710B5B3167E2C4500F26DE2 /* InfoPlist.strings in Resources */,
				9710B5BB167E2C4500F26DE2 /* Default.png in Resources */,
				9710B5BD167E2C4500F26DE2 /* Default@2x.png in Resources */,
				9710B5BF167E2C4500F26DE2 /* Default-568h@2x.png in Resources */,
			);
			runOnlyForDeploymentPostprocessing = 0;
		};
		9710B5C2167E2C4600F26DE2 /* Resources */ = {
			isa = PBXResourcesBuildPhase;
			buildActionMask = 2147483647;
			files = (
				9710B5D1167E2C4600F26DE2 /* InfoPlist.strings in Resources */,
			);
			runOnlyForDeploymentPostprocessing = 0;
		};
/* End PBXResourcesBuildPhase section */

/* Begin PBXShellScriptBuildPhase section */
		9710B5C3167E2C4600F26DE2 /* ShellScript */ = {
			isa = PBXShellScriptBuildPhase;
			buildActionMask = 2147483647;
			files = (
			);
			inputPaths = (
			);
			outputPaths = (
			);
			runOnlyForDeploymentPostprocessing = 0;
			shellPath = /bin/sh;
			shellScript = "# Run the unit tests in this test bundle.\n\"${SYSTEM_DEVELOPER_DIR}/Tools/RunUnitTests\"\n";
		};
/* End PBXShellScriptBuildPhase section */

/* Begin PBXSourcesBuildPhase section */
		9710B5A0167E2C4500F26DE2 /* Sources */ = {
			isa = PBXSourcesBuildPhase;
			buildActionMask = 2147483647;
			files = (
				97328603167E55DD00CFACC2 /* PBFileLogger.m in Sources */,
				97328604167E55DD00CFACC2 /* PBLog.m in Sources */,
				9710B5B5167E2C4500F26DE2 /* main.m in Sources */,
				9710B5B9167E2C4500F26DE2 /* NBNAppDelegate.m in Sources */,
				9710B5F2167E2CAB00F26DE2 /* ASIAuthenticationDialog.m in Sources */,
				9710B5F3167E2CAB00F26DE2 /* ASIDataCompressor.m in Sources */,
				9710B5F4167E2CAB00F26DE2 /* ASIDataDecompressor.m in Sources */,
				9710B5F5167E2CAB00F26DE2 /* ASIDownloadCache.m in Sources */,
				9710B5F6167E2CAB00F26DE2 /* ASIFormDataRequest.m in Sources */,
				9710B5F7167E2CAB00F26DE2 /* ASIHTTPRequest.m in Sources */,
				9710B5F8167E2CAB00F26DE2 /* ASIInputStream.m in Sources */,
				9710B5F9167E2CAB00F26DE2 /* ASINetworkQueue.m in Sources */,
				9710B5FD167E2CB700F26DE2 /* Reachability.m in Sources */,
				9710B610167E30F000F26DE2 /* NBNHomeScreenViewController.m in Sources */,
				9710B614167E345B00F26DE2 /* GitLab.xcdatamodeld in Sources */,
				9710B617167E34B300F26DE2 /* Milestone.m in Sources */,
				9710B61A167E34C600F26DE2 /* Assignee.m in Sources */,
				9710B61D167E34C600F26DE2 /* Author.m in Sources */,
				9710B620167E34C600F26DE2 /* Issue.m in Sources */,
				9710B623167E34C600F26DE2 /* User.m in Sources */,
				9710B626167E34C700F26DE2 /* Domain.m in Sources */,
				9710B629167E34C700F26DE2 /* Comment.m in Sources */,
				9710B62C167E34C700F26DE2 /* Snippet.m in Sources */,
				9710B62F167E34C700F26DE2 /* MergeRequest.m in Sources */,
				9710B632167E34C700F26DE2 /* Project.m in Sources */,
				9710B635167E34C700F26DE2 /* Note.m in Sources */,
				9710B638167E34C700F26DE2 /* SSH_key.m in Sources */,
				9710B63B167E34C700F26DE2 /* Session.m in Sources */,
				9710B63E167E34C700F26DE2 /* Owner.m in Sources */,
				9710B67B167E354000F26DE2 /* MagicalImportFunctions.m in Sources */,
				9710B67C167E354000F26DE2 /* NSAttributeDescription+MagicalDataImport.m in Sources */,
				9710B67D167E354000F26DE2 /* NSEntityDescription+MagicalDataImport.m in Sources */,
				9710B67E167E354000F26DE2 /* NSNumber+MagicalDataImport.m in Sources */,
				9710B67F167E354000F26DE2 /* NSObject+MagicalDataImport.m in Sources */,
				9710B680167E354000F26DE2 /* NSRelationshipDescription+MagicalDataImport.m in Sources */,
				9710B681167E354000F26DE2 /* NSString+MagicalDataImport.m in Sources */,
				9710B682167E354000F26DE2 /* NSManagedObject+MagicalAggregation.m in Sources */,
				9710B683167E354000F26DE2 /* NSManagedObject+MagicalDataImport.m in Sources */,
				9710B684167E354000F26DE2 /* NSManagedObject+MagicalFinders.m in Sources */,
				9710B685167E354000F26DE2 /* NSManagedObject+MagicalRecord.m in Sources */,
				9710B686167E354000F26DE2 /* NSManagedObject+MagicalRequests.m in Sources */,
				9710B687167E354000F26DE2 /* NSManagedObjectContext+MagicalObserving.m in Sources */,
				9710B688167E354000F26DE2 /* NSManagedObjectContext+MagicalRecord.m in Sources */,
				9710B689167E354000F26DE2 /* NSManagedObjectContext+MagicalSaves.m in Sources */,
				9710B68A167E354000F26DE2 /* NSManagedObjectContext+MagicalThreading.m in Sources */,
				9710B68B167E354000F26DE2 /* NSManagedObjectModel+MagicalRecord.m in Sources */,
				9710B68C167E354000F26DE2 /* NSPersistentStore+MagicalRecord.m in Sources */,
				9710B68D167E354000F26DE2 /* NSPersistentStoreCoordinator+MagicalRecord.m in Sources */,
				9710B68E167E354000F26DE2 /* MagicalRecord+Actions.m in Sources */,
				9710B68F167E354000F26DE2 /* MagicalRecord+ErrorHandling.m in Sources */,
				9710B690167E354000F26DE2 /* MagicalRecord+iCloud.m in Sources */,
				9710B691167E354000F26DE2 /* MagicalRecord+Options.m in Sources */,
				9710B692167E354000F26DE2 /* MagicalRecord+Setup.m in Sources */,
				9710B693167E354000F26DE2 /* MagicalRecord+ShorthandSupport.m in Sources */,
				9710B694167E354000F26DE2 /* MagicalRecord.m in Sources */,
				9710B69B167E385800F26DE2 /* NSManagedObjectContext+Queryable.m in Sources */,
				973285F6167E4B0400CFACC2 /* NBNFavoritesViewController.m in Sources */,
				973285FF167E517800CFACC2 /* NBNProjectsViewController.m in Sources */,
				97328602167E525300CFACC2 /* NBNProjectConnection.m in Sources */,
			);
			runOnlyForDeploymentPostprocessing = 0;
		};
		9710B5C0167E2C4600F26DE2 /* Sources */ = {
			isa = PBXSourcesBuildPhase;
			buildActionMask = 2147483647;
			files = (
				9710B5D4167E2C4600F26DE2 /* GitLabIssuesTests.m in Sources */,
				9710B60B167E2DAF00F26DE2 /* PBFileLogger.m in Sources */,
				9710B60C167E2DAF00F26DE2 /* PBLog.m in Sources */,
			);
			runOnlyForDeploymentPostprocessing = 0;
		};
/* End PBXSourcesBuildPhase section */

/* Begin PBXTargetDependency section */
		9710B5CB167E2C4600F26DE2 /* PBXTargetDependency */ = {
			isa = PBXTargetDependency;
			target = 9710B5A3167E2C4500F26DE2 /* GitLabIssues */;
			targetProxy = 9710B5CA167E2C4600F26DE2 /* PBXContainerItemProxy */;
		};
/* End PBXTargetDependency section */

/* Begin PBXVariantGroup section */
		9710B5B1167E2C4500F26DE2 /* InfoPlist.strings */ = {
			isa = PBXVariantGroup;
			children = (
				9710B5B2167E2C4500F26DE2 /* en */,
			);
			name = InfoPlist.strings;
			sourceTree = "<group>";
		};
		9710B5CF167E2C4600F26DE2 /* InfoPlist.strings */ = {
			isa = PBXVariantGroup;
			children = (
				9710B5D0167E2C4600F26DE2 /* en */,
			);
			name = InfoPlist.strings;
			sourceTree = "<group>";
		};
/* End PBXVariantGroup section */

/* Begin XCBuildConfiguration section */
		9710B5D5167E2C4600F26DE2 /* Debug */ = {
			isa = XCBuildConfiguration;
			buildSettings = {
				ALWAYS_SEARCH_USER_PATHS = NO;
				CLANG_CXX_LANGUAGE_STANDARD = "gnu++0x";
				CLANG_CXX_LIBRARY = "libc++";
				CLANG_WARN_EMPTY_BODY = YES;
				CLANG_WARN__DUPLICATE_METHOD_MATCH = YES;
				"CODE_SIGN_IDENTITY[sdk=iphoneos*]" = "iPhone Developer";
				COPY_PHASE_STRIP = NO;
				GCC_C_LANGUAGE_STANDARD = gnu99;
				GCC_DYNAMIC_NO_PIC = NO;
				GCC_OPTIMIZATION_LEVEL = 0;
				GCC_PREPROCESSOR_DEFINITIONS = (
					"DEBUG=1",
					"$(inherited)",
				);
				GCC_SYMBOLS_PRIVATE_EXTERN = NO;
				GCC_WARN_ABOUT_RETURN_TYPE = YES;
				GCC_WARN_UNINITIALIZED_AUTOS = YES;
				GCC_WARN_UNUSED_VARIABLE = YES;
				IPHONEOS_DEPLOYMENT_TARGET = 6.0;
				ONLY_ACTIVE_ARCH = YES;
				SDKROOT = iphoneos;
			};
			name = Debug;
		};
		9710B5D6167E2C4600F26DE2 /* Release */ = {
			isa = XCBuildConfiguration;
			buildSettings = {
				ALWAYS_SEARCH_USER_PATHS = NO;
				CLANG_CXX_LANGUAGE_STANDARD = "gnu++0x";
				CLANG_CXX_LIBRARY = "libc++";
				CLANG_WARN_EMPTY_BODY = YES;
				CLANG_WARN__DUPLICATE_METHOD_MATCH = YES;
				"CODE_SIGN_IDENTITY[sdk=iphoneos*]" = "iPhone Developer";
				COPY_PHASE_STRIP = YES;
				GCC_C_LANGUAGE_STANDARD = gnu99;
				GCC_WARN_ABOUT_RETURN_TYPE = YES;
				GCC_WARN_UNINITIALIZED_AUTOS = YES;
				GCC_WARN_UNUSED_VARIABLE = YES;
				IPHONEOS_DEPLOYMENT_TARGET = 6.0;
				OTHER_CFLAGS = "-DNS_BLOCK_ASSERTIONS=1";
				SDKROOT = iphoneos;
				VALIDATE_PRODUCT = YES;
			};
			name = Release;
		};
		9710B5D8167E2C4600F26DE2 /* Debug */ = {
			isa = XCBuildConfiguration;
			buildSettings = {
				GCC_PRECOMPILE_PREFIX_HEADER = YES;
				GCC_PREFIX_HEADER = "GitLabIssues/GitLabIssues-Prefix.pch";
				INFOPLIST_FILE = "GitLabIssues/GitLabIssues-Info.plist";
				PRODUCT_NAME = "$(TARGET_NAME)";
				WRAPPER_EXTENSION = app;
			};
			name = Debug;
		};
		9710B5D9167E2C4600F26DE2 /* Release */ = {
			isa = XCBuildConfiguration;
			buildSettings = {
				GCC_PRECOMPILE_PREFIX_HEADER = YES;
				GCC_PREFIX_HEADER = "GitLabIssues/GitLabIssues-Prefix.pch";
				INFOPLIST_FILE = "GitLabIssues/GitLabIssues-Info.plist";
				PRODUCT_NAME = "$(TARGET_NAME)";
				WRAPPER_EXTENSION = app;
			};
			name = Release;
		};
		9710B5DB167E2C4600F26DE2 /* Debug */ = {
			isa = XCBuildConfiguration;
			buildSettings = {
				BUNDLE_LOADER = "$(BUILT_PRODUCTS_DIR)/GitLabIssues.app/GitLabIssues";
				FRAMEWORK_SEARCH_PATHS = (
					"\"$(SDKROOT)/Developer/Library/Frameworks\"",
					"\"$(DEVELOPER_LIBRARY_DIR)/Frameworks\"",
				);
				GCC_PRECOMPILE_PREFIX_HEADER = YES;
				GCC_PREFIX_HEADER = "GitLabIssues/GitLabIssues-Prefix.pch";
				INFOPLIST_FILE = "GitLabIssuesTests/GitLabIssuesTests-Info.plist";
				PRODUCT_NAME = "$(TARGET_NAME)";
				TEST_HOST = "$(BUNDLE_LOADER)";
				WRAPPER_EXTENSION = octest;
			};
			name = Debug;
		};
		9710B5DC167E2C4600F26DE2 /* Release */ = {
			isa = XCBuildConfiguration;
			buildSettings = {
				BUNDLE_LOADER = "$(BUILT_PRODUCTS_DIR)/GitLabIssues.app/GitLabIssues";
				FRAMEWORK_SEARCH_PATHS = (
					"\"$(SDKROOT)/Developer/Library/Frameworks\"",
					"\"$(DEVELOPER_LIBRARY_DIR)/Frameworks\"",
				);
				GCC_PRECOMPILE_PREFIX_HEADER = YES;
				GCC_PREFIX_HEADER = "GitLabIssues/GitLabIssues-Prefix.pch";
				INFOPLIST_FILE = "GitLabIssuesTests/GitLabIssuesTests-Info.plist";
				PRODUCT_NAME = "$(TARGET_NAME)";
				TEST_HOST = "$(BUNDLE_LOADER)";
				WRAPPER_EXTENSION = octest;
			};
			name = Release;
		};
/* End XCBuildConfiguration section */

/* Begin XCConfigurationList section */
		9710B59E167E2C4500F26DE2 /* Build configuration list for PBXProject "GitLabIssues" */ = {
			isa = XCConfigurationList;
			buildConfigurations = (
				9710B5D5167E2C4600F26DE2 /* Debug */,
				9710B5D6167E2C4600F26DE2 /* Release */,
			);
			defaultConfigurationIsVisible = 0;
			defaultConfigurationName = Release;
		};
		9710B5D7167E2C4600F26DE2 /* Build configuration list for PBXNativeTarget "GitLabIssues" */ = {
			isa = XCConfigurationList;
			buildConfigurations = (
				9710B5D8167E2C4600F26DE2 /* Debug */,
				9710B5D9167E2C4600F26DE2 /* Release */,
			);
			defaultConfigurationIsVisible = 0;
			defaultConfigurationName = Release;
		};
		9710B5DA167E2C4600F26DE2 /* Build configuration list for PBXNativeTarget "GitLabIssuesTests" */ = {
			isa = XCConfigurationList;
			buildConfigurations = (
				9710B5DB167E2C4600F26DE2 /* Debug */,
				9710B5DC167E2C4600F26DE2 /* Release */,
			);
			defaultConfigurationIsVisible = 0;
			defaultConfigurationName = Release;
		};
/* End XCConfigurationList section */

/* Begin XCVersionGroup section */
		9710B612167E345B00F26DE2 /* GitLab.xcdatamodeld */ = {
			isa = XCVersionGroup;
			children = (
				9710B613167E345B00F26DE2 /* GitLab.xcdatamodel */,
			);
			currentVersion = 9710B613167E345B00F26DE2 /* GitLab.xcdatamodel */;
			path = GitLab.xcdatamodeld;
			sourceTree = "<group>";
			versionGroupType = wrapper.xcdatamodel;
		};
/* End XCVersionGroup section */
	};
	rootObject = 9710B59B167E2C4500F26DE2 /* Project object */;
}
